
Microsoft Visual Studio Solution File, Format Version 12.00
# Visual Studio Version 17
VisualStudioVersion = 17.11.35327.3
MinimumVisualStudioVersion = 10.0.40219.1
Project("{9A19103F-16F7-4668-BE54-9A1E7A4F7556}") = "studentBook", "studentBook\studentBook.csproj", "{1754A4F4-D2DA-4A5B-9A20-8DC44162C0AA}"
EndProject
Project("{2150E333-8FDC-42A3-9474-1A3956D46DE8}") = "Элементы решения", "Элементы решения", "{6260544A-6539-4C92-A3CB-656A3A25669A}"
	ProjectSection(SolutionItems) = preProject
		App.config = App.config
		Form1.cs = Form1.cs
		Student.cs = Student.cs
	EndProjectSection
EndProject
Global
	GlobalSection(SolutionConfigurationPlatforms) = preSolution
		Debug|Any CPU = Debug|Any CPU
		Release|Any CPU = Release|Any CPU
	EndGlobalSection
	GlobalSection(ProjectConfigurationPlatforms) = postSolution
		{1754A4F4-D2DA-4A5B-9A20-8DC44162C0AA}.Debug|Any CPU.ActiveCfg = Debug|Any CPU
		{1754A4F4-D2DA-4A5B-9A20-8DC44162C0AA}.Debug|Any CPU.Build.0 = Debug|Any CPU
		{1754A4F4-D2DA-4A5B-9A20-8DC44162C0AA}.Release|Any CPU.ActiveCfg = Release|Any CPU
		{1754A4F4-D2DA-4A5B-9A20-8DC44162C0AA}.Release|Any CPU.Build.0 = Release|Any CPU
	EndGlobalSection
	GlobalSection(SolutionProperties) = preSolution
		HideSolutionNode = FALSE
	EndGlobalSection
	GlobalSection(ExtensibilityGlobals) = postSolution
		SolutionGuid = {B846B2CF-D39A-427F-8C27-430C707DF09F}
	EndGlobalSection
EndGlobal
